
Microsoft Visual Studio Solution File, Format Version 12.00
# Visual Studio Version 16
VisualStudioVersion = 16.0.31702.278
MinimumVisualStudioVersion = 10.0.40219.1
Project("{FAE04EC0-301F-11D3-BF4B-00C04F79EFBC}") = "ProyectoFinal", "ProyectoFinal\ProyectoFinal.csproj", "{2C8F1153-7519-4ADF-9DFE-30B20A4D2ACB}"
EndProject
Global
	GlobalSection(SolutionConfigurationPlatforms) = preSolution
		Debug|Any CPU = Debug|Any CPU
		Release|Any CPU = Release|Any CPU
	EndGlobalSection
	GlobalSection(ProjectConfigurationPlatforms) = postSolution
		{2C8F1153-7519-4ADF-9DFE-30B20A4D2ACB}.Debug|Any CPU.ActiveCfg = Debug|Any CPU
		{2C8F1153-7519-4ADF-9DFE-30B20A4D2ACB}.Debug|Any CPU.Build.0 = Debug|Any CPU
		{2C8F1153-7519-4ADF-9DFE-30B20A4D2ACB}.Release|Any CPU.ActiveCfg = Release|Any CPU
		{2C8F1153-7519-4ADF-9DFE-30B20A4D2ACB}.Release|Any CPU.Build.0 = Release|Any CPU
	EndGlobalSection
	GlobalSection(SolutionProperties) = preSolution
		HideSolutionNode = FALSE
	EndGlobalSection
	GlobalSection(ExtensibilityGlobals) = postSolution
		SolutionGuid = {740F163C-3EC2-48A5-8994-CB2123DD017D}
	EndGlobalSection
EndGlobal
