
Microsoft Visual Studio Solution File, Format Version 12.00
# Visual Studio Version 16
VisualStudioVersion = 16.0.31624.102
MinimumVisualStudioVersion = 10.0.40219.1
Project("{9A19103F-16F7-4668-BE54-9A1E7A4F7556}") = "API", "API\API.csproj", "{9CAE6E72-542C-49AE-90ED-104944F6E15C}"
EndProject
Project("{9A19103F-16F7-4668-BE54-9A1E7A4F7556}") = "BS", "BS\BS.csproj", "{8CB89342-906D-4CAD-886D-8F48CAEDE75A}"
EndProject
Project("{9A19103F-16F7-4668-BE54-9A1E7A4F7556}") = "DAL", "DAL\DAL.csproj", "{43544231-FE95-4B44-8A23-21CFE23E25EF}"
EndProject
Project("{9A19103F-16F7-4668-BE54-9A1E7A4F7556}") = "DAL.DO", "DAL.DO\DAL.DO.csproj", "{46BAE5A0-62B4-4C2F-869B-DAB47D449A9C}"
EndProject
Project("{9A19103F-16F7-4668-BE54-9A1E7A4F7556}") = "DAL.EF", "DAL.EF\DAL.EF.csproj", "{A48574D6-FAD2-485A-A5AB-57E8093219BC}"
EndProject
Project("{9A19103F-16F7-4668-BE54-9A1E7A4F7556}") = "DAL.Repository", "DAL.Repository\DAL.Repository.csproj", "{6B62AC98-22C7-4E84-8A24-B4188186F7FD}"
EndProject
Project("{9A19103F-16F7-4668-BE54-9A1E7A4F7556}") = "API.W", "API.W\API.W.csproj", "{422C47C4-6491-4C1F-9E33-5E358045D388}"
EndProject
Global
	GlobalSection(SolutionConfigurationPlatforms) = preSolution
		Debug|Any CPU = Debug|Any CPU
		Release|Any CPU = Release|Any CPU
	EndGlobalSection
	GlobalSection(ProjectConfigurationPlatforms) = postSolution
		{9CAE6E72-542C-49AE-90ED-104944F6E15C}.Debug|Any CPU.ActiveCfg = Debug|Any CPU
		{9CAE6E72-542C-49AE-90ED-104944F6E15C}.Debug|Any CPU.Build.0 = Debug|Any CPU
		{9CAE6E72-542C-49AE-90ED-104944F6E15C}.Release|Any CPU.ActiveCfg = Release|Any CPU
		{9CAE6E72-542C-49AE-90ED-104944F6E15C}.Release|Any CPU.Build.0 = Release|Any CPU
		{8CB89342-906D-4CAD-886D-8F48CAEDE75A}.Debug|Any CPU.ActiveCfg = Debug|Any CPU
		{8CB89342-906D-4CAD-886D-8F48CAEDE75A}.Debug|Any CPU.Build.0 = Debug|Any CPU
		{8CB89342-906D-4CAD-886D-8F48CAEDE75A}.Release|Any CPU.ActiveCfg = Release|Any CPU
		{8CB89342-906D-4CAD-886D-8F48CAEDE75A}.Release|Any CPU.Build.0 = Release|Any CPU
		{43544231-FE95-4B44-8A23-21CFE23E25EF}.Debug|Any CPU.ActiveCfg = Debug|Any CPU
		{43544231-FE95-4B44-8A23-21CFE23E25EF}.Debug|Any CPU.Build.0 = Debug|Any CPU
		{43544231-FE95-4B44-8A23-21CFE23E25EF}.Release|Any CPU.ActiveCfg = Release|Any CPU
		{43544231-FE95-4B44-8A23-21CFE23E25EF}.Release|Any CPU.Build.0 = Release|Any CPU
		{46BAE5A0-62B4-4C2F-869B-DAB47D449A9C}.Debug|Any CPU.ActiveCfg = Debug|Any CPU
		{46BAE5A0-62B4-4C2F-869B-DAB47D449A9C}.Debug|Any CPU.Build.0 = Debug|Any CPU
		{46BAE5A0-62B4-4C2F-869B-DAB47D449A9C}.Release|Any CPU.ActiveCfg = Release|Any CPU
		{46BAE5A0-62B4-4C2F-869B-DAB47D449A9C}.Release|Any CPU.Build.0 = Release|Any CPU
		{A48574D6-FAD2-485A-A5AB-57E8093219BC}.Debug|Any CPU.ActiveCfg = Debug|Any CPU
		{A48574D6-FAD2-485A-A5AB-57E8093219BC}.Debug|Any CPU.Build.0 = Debug|Any CPU
		{A48574D6-FAD2-485A-A5AB-57E8093219BC}.Release|Any CPU.ActiveCfg = Release|Any CPU
		{A48574D6-FAD2-485A-A5AB-57E8093219BC}.Release|Any CPU.Build.0 = Release|Any CPU
		{6B62AC98-22C7-4E84-8A24-B4188186F7FD}.Debug|Any CPU.ActiveCfg = Debug|Any CPU
		{6B62AC98-22C7-4E84-8A24-B4188186F7FD}.Debug|Any CPU.Build.0 = Debug|Any CPU
		{6B62AC98-22C7-4E84-8A24-B4188186F7FD}.Release|Any CPU.ActiveCfg = Release|Any CPU
		{6B62AC98-22C7-4E84-8A24-B4188186F7FD}.Release|Any CPU.Build.0 = Release|Any CPU
		{422C47C4-6491-4C1F-9E33-5E358045D388}.Debug|Any CPU.ActiveCfg = Debug|Any CPU
		{422C47C4-6491-4C1F-9E33-5E358045D388}.Debug|Any CPU.Build.0 = Debug|Any CPU
		{422C47C4-6491-4C1F-9E33-5E358045D388}.Release|Any CPU.ActiveCfg = Release|Any CPU
		{422C47C4-6491-4C1F-9E33-5E358045D388}.Release|Any CPU.Build.0 = Release|Any CPU
	EndGlobalSection
	GlobalSection(SolutionProperties) = preSolution
		HideSolutionNode = FALSE
	EndGlobalSection
	GlobalSection(ExtensibilityGlobals) = postSolution
		SolutionGuid = {B3F92758-29DE-4F2F-A5A0-DFEC7EB00699}
	EndGlobalSection
EndGlobal
